// !$*UTF8*$!
{
	archiveVersion = 1;
	classes = {
	};
	objectVersion = 55;
	objects = {

/* Begin PBXBuildFile section */
		AF3F322127680F6200FC6A71 /* SearchBusinessView.swift in Sources */ = {isa = PBXBuildFile; fileRef = AF3F322027680F6200FC6A71 /* SearchBusinessView.swift */; };
		AF3F32252768155300FC6A71 /* Endpoint.swift in Sources */ = {isa = PBXBuildFile; fileRef = AF3F32242768155300FC6A71 /* Endpoint.swift */; };
		AF3F32272768158300FC6A71 /* NetworkRequestError.swift in Sources */ = {isa = PBXBuildFile; fileRef = AF3F32262768158300FC6A71 /* NetworkRequestError.swift */; };
		AF3F32292768159C00FC6A71 /* Networker.swift in Sources */ = {isa = PBXBuildFile; fileRef = AF3F32282768159C00FC6A71 /* Networker.swift */; };
		AF3F322B276815D100FC6A71 /* Request.swift in Sources */ = {isa = PBXBuildFile; fileRef = AF3F322A276815D100FC6A71 /* Request.swift */; };
		AF3F322D27681D0000FC6A71 /* APIClient.swift in Sources */ = {isa = PBXBuildFile; fileRef = AF3F322C27681D0000FC6A71 /* APIClient.swift */; };
		AF3F323027681FD000FC6A71 /* User.swift in Sources */ = {isa = PBXBuildFile; fileRef = AF3F322F27681FD000FC6A71 /* User.swift */; };
		AF3F3232276820E800FC6A71 /* Enterprise.swift in Sources */ = {isa = PBXBuildFile; fileRef = AF3F3231276820E800FC6A71 /* Enterprise.swift */; };
		AF3F3234276821B000FC6A71 /* Investor.swift in Sources */ = {isa = PBXBuildFile; fileRef = AF3F3233276821B000FC6A71 /* Investor.swift */; };
		AF3F3236276821B800FC6A71 /* Portifolio.swift in Sources */ = {isa = PBXBuildFile; fileRef = AF3F3235276821B800FC6A71 /* Portifolio.swift */; };
		AF3F32392768223F00FC6A71 /* Authenticate.swift in Sources */ = {isa = PBXBuildFile; fileRef = AF3F32382768223F00FC6A71 /* Authenticate.swift */; };
		AF3F323D276822B700FC6A71 /* ListEnterprises.swift in Sources */ = {isa = PBXBuildFile; fileRef = AF3F323C276822B700FC6A71 /* ListEnterprises.swift */; };
		AF3F323F2768242D00FC6A71 /* FindEnterprise.swift in Sources */ = {isa = PBXBuildFile; fileRef = AF3F323E2768242D00FC6A71 /* FindEnterprise.swift */; };
		AFA57D72276539D400FD4CB4 /* AppEmpresasApp.swift in Sources */ = {isa = PBXBuildFile; fileRef = AFA57D71276539D400FD4CB4 /* AppEmpresasApp.swift */; };
		AFA57D74276539D400FD4CB4 /* ContentView.swift in Sources */ = {isa = PBXBuildFile; fileRef = AFA57D73276539D400FD4CB4 /* ContentView.swift */; };
		AFA57D76276539D500FD4CB4 /* Assets.xcassets in Resources */ = {isa = PBXBuildFile; fileRef = AFA57D75276539D500FD4CB4 /* Assets.xcassets */; };
		AFA57D79276539D500FD4CB4 /* Preview Assets.xcassets in Resources */ = {isa = PBXBuildFile; fileRef = AFA57D78276539D500FD4CB4 /* Preview Assets.xcassets */; };
		AFA57D852765411D00FD4CB4 /* FloatingLabelField.swift in Sources */ = {isa = PBXBuildFile; fileRef = AFA57D842765411D00FD4CB4 /* FloatingLabelField.swift */; };
		AFA57D882765435F00FD4CB4 /* Color+AppColors.swift in Sources */ = {isa = PBXBuildFile; fileRef = AFA57D872765435F00FD4CB4 /* Color+AppColors.swift */; };
		AFA57D8A276546ED00FD4CB4 /* LoginView.swift in Sources */ = {isa = PBXBuildFile; fileRef = AFA57D89276546ED00FD4CB4 /* LoginView.swift */; };
		AFA57D8C276556DF00FD4CB4 /* LoginButton.swift in Sources */ = {isa = PBXBuildFile; fileRef = AFA57D8B276556DF00FD4CB4 /* LoginButton.swift */; };
		AFB744EC2767939500E37741 /* BusinessInfoView.swift in Sources */ = {isa = PBXBuildFile; fileRef = AFB744EB2767939500E37741 /* BusinessInfoView.swift */; };
		AFB744EE276794EE00E37741 /* RoundedCornersModifier.swift in Sources */ = {isa = PBXBuildFile; fileRef = AFB744ED276794EE00E37741 /* RoundedCornersModifier.swift */; };
		AFB744F627679F6400E37741 /* SearchField.swift in Sources */ = {isa = PBXBuildFile; fileRef = AFB744F527679F6400E37741 /* SearchField.swift */; };
/* End PBXBuildFile section */

/* Begin PBXFileReference section */
		AF3F322027680F6200FC6A71 /* SearchBusinessView.swift */ = {isa = PBXFileReference; fileEncoding = 4; lastKnownFileType = sourcecode.swift; path = SearchBusinessView.swift; sourceTree = "<group>"; };
		AF3F32242768155300FC6A71 /* Endpoint.swift */ = {isa = PBXFileReference; lastKnownFileType = sourcecode.swift; path = Endpoint.swift; sourceTree = "<group>"; };
		AF3F32262768158300FC6A71 /* NetworkRequestError.swift */ = {isa = PBXFileReference; lastKnownFileType = sourcecode.swift; path = NetworkRequestError.swift; sourceTree = "<group>"; };
		AF3F32282768159C00FC6A71 /* Networker.swift */ = {isa = PBXFileReference; lastKnownFileType = sourcecode.swift; path = Networker.swift; sourceTree = "<group>"; };
		AF3F322A276815D100FC6A71 /* Request.swift */ = {isa = PBXFileReference; lastKnownFileType = sourcecode.swift; path = Request.swift; sourceTree = "<group>"; };
		AF3F322C27681D0000FC6A71 /* APIClient.swift */ = {isa = PBXFileReference; lastKnownFileType = sourcecode.swift; path = APIClient.swift; sourceTree = "<group>"; };
		AF3F322F27681FD000FC6A71 /* User.swift */ = {isa = PBXFileReference; lastKnownFileType = sourcecode.swift; path = User.swift; sourceTree = "<group>"; };
		AF3F3231276820E800FC6A71 /* Enterprise.swift */ = {isa = PBXFileReference; lastKnownFileType = sourcecode.swift; path = Enterprise.swift; sourceTree = "<group>"; };
		AF3F3233276821B000FC6A71 /* Investor.swift */ = {isa = PBXFileReference; lastKnownFileType = sourcecode.swift; path = Investor.swift; sourceTree = "<group>"; };
		AF3F3235276821B800FC6A71 /* Portifolio.swift */ = {isa = PBXFileReference; lastKnownFileType = sourcecode.swift; path = Portifolio.swift; sourceTree = "<group>"; };
		AF3F32382768223F00FC6A71 /* Authenticate.swift */ = {isa = PBXFileReference; lastKnownFileType = sourcecode.swift; path = Authenticate.swift; sourceTree = "<group>"; };
		AF3F323C276822B700FC6A71 /* ListEnterprises.swift */ = {isa = PBXFileReference; lastKnownFileType = sourcecode.swift; path = ListEnterprises.swift; sourceTree = "<group>"; };
		AF3F323E2768242D00FC6A71 /* FindEnterprise.swift */ = {isa = PBXFileReference; lastKnownFileType = sourcecode.swift; path = FindEnterprise.swift; sourceTree = "<group>"; };
		AFA57D6E276539D400FD4CB4 /* AppEmpresas.app */ = {isa = PBXFileReference; explicitFileType = wrapper.application; includeInIndex = 0; path = AppEmpresas.app; sourceTree = BUILT_PRODUCTS_DIR; };
		AFA57D71276539D400FD4CB4 /* AppEmpresasApp.swift */ = {isa = PBXFileReference; lastKnownFileType = sourcecode.swift; path = AppEmpresasApp.swift; sourceTree = "<group>"; };
		AFA57D73276539D400FD4CB4 /* ContentView.swift */ = {isa = PBXFileReference; lastKnownFileType = sourcecode.swift; path = ContentView.swift; sourceTree = "<group>"; };
		AFA57D75276539D500FD4CB4 /* Assets.xcassets */ = {isa = PBXFileReference; lastKnownFileType = folder.assetcatalog; path = Assets.xcassets; sourceTree = "<group>"; };
		AFA57D78276539D500FD4CB4 /* Preview Assets.xcassets */ = {isa = PBXFileReference; lastKnownFileType = folder.assetcatalog; path = "Preview Assets.xcassets"; sourceTree = "<group>"; };
		AFA57D842765411D00FD4CB4 /* FloatingLabelField.swift */ = {isa = PBXFileReference; lastKnownFileType = sourcecode.swift; path = FloatingLabelField.swift; sourceTree = "<group>"; };
		AFA57D872765435F00FD4CB4 /* Color+AppColors.swift */ = {isa = PBXFileReference; lastKnownFileType = sourcecode.swift; path = "Color+AppColors.swift"; sourceTree = "<group>"; };
		AFA57D89276546ED00FD4CB4 /* LoginView.swift */ = {isa = PBXFileReference; lastKnownFileType = sourcecode.swift; path = LoginView.swift; sourceTree = "<group>"; };
		AFA57D8B276556DF00FD4CB4 /* LoginButton.swift */ = {isa = PBXFileReference; lastKnownFileType = sourcecode.swift; path = LoginButton.swift; sourceTree = "<group>"; };
		AFB744EB2767939500E37741 /* BusinessInfoView.swift */ = {isa = PBXFileReference; lastKnownFileType = sourcecode.swift; path = BusinessInfoView.swift; sourceTree = "<group>"; };
		AFB744ED276794EE00E37741 /* RoundedCornersModifier.swift */ = {isa = PBXFileReference; lastKnownFileType = sourcecode.swift; path = RoundedCornersModifier.swift; sourceTree = "<group>"; };
		AFB744F527679F6400E37741 /* SearchField.swift */ = {isa = PBXFileReference; lastKnownFileType = sourcecode.swift; path = SearchField.swift; sourceTree = "<group>"; };
/* End PBXFileReference section */

/* Begin PBXFrameworksBuildPhase section */
		AFA57D6B276539D300FD4CB4 /* Frameworks */ = {
			isa = PBXFrameworksBuildPhase;
			buildActionMask = 2147483647;
			files = (
			);
			runOnlyForDeploymentPostprocessing = 0;
		};
/* End PBXFrameworksBuildPhase section */

/* Begin PBXGroup section */
		AF3F32222768153600FC6A71 /* API */ = {
			isa = PBXGroup;
			children = (
				AF3F32232768154600FC6A71 /* Networking */,
				AF3F322E27681F7000FC6A71 /* Models */,
				AF3F32372768220C00FC6A71 /* Requests */,
				AF3F3240276825BC00FC6A71 /* Services */,
			);
			path = API;
			sourceTree = "<group>";
		};
		AF3F32232768154600FC6A71 /* Networking */ = {
			isa = PBXGroup;
			children = (
				AF3F32242768155300FC6A71 /* Endpoint.swift */,
				AF3F32262768158300FC6A71 /* NetworkRequestError.swift */,
				AF3F32282768159C00FC6A71 /* Networker.swift */,
				AF3F322A276815D100FC6A71 /* Request.swift */,
				AF3F322C27681D0000FC6A71 /* APIClient.swift */,
			);
			path = Networking;
			sourceTree = "<group>";
		};
		AF3F322E27681F7000FC6A71 /* Models */ = {
			isa = PBXGroup;
			children = (
				AF3F3231276820E800FC6A71 /* Enterprise.swift */,
				AF3F3235276821B800FC6A71 /* Portifolio.swift */,
				AF3F3233276821B000FC6A71 /* Investor.swift */,
				AF3F322F27681FD000FC6A71 /* User.swift */,
			);
			path = Models;
			sourceTree = "<group>";
		};
		AF3F32372768220C00FC6A71 /* Requests */ = {
			isa = PBXGroup;
			children = (
				AF3F323A2768229800FC6A71 /* Authentication */,
				AF3F323B2768229E00FC6A71 /* Enterprise */,
			);
			path = Requests;
			sourceTree = "<group>";
		};
		AF3F323A2768229800FC6A71 /* Authentication */ = {
			isa = PBXGroup;
			children = (
				AF3F32382768223F00FC6A71 /* Authenticate.swift */,
			);
			path = Authentication;
			sourceTree = "<group>";
		};
		AF3F323B2768229E00FC6A71 /* Enterprise */ = {
			isa = PBXGroup;
			children = (
				AF3F323C276822B700FC6A71 /* ListEnterprises.swift */,
				AF3F323E2768242D00FC6A71 /* FindEnterprise.swift */,
			);
			path = Enterprise;
			sourceTree = "<group>";
		};
		AF3F3240276825BC00FC6A71 /* Services */ = {
			isa = PBXGroup;
			children = (
			);
			path = Services;
			sourceTree = "<group>";
		};
		AFA57D65276539D300FD4CB4 = {
			isa = PBXGroup;
			children = (
				AFA57D70276539D400FD4CB4 /* AppEmpresas */,
				AFA57D6F276539D400FD4CB4 /* Products */,
			);
			sourceTree = "<group>";
		};
		AFA57D6F276539D400FD4CB4 /* Products */ = {
			isa = PBXGroup;
			children = (
				AFA57D6E276539D400FD4CB4 /* AppEmpresas.app */,
			);
			name = Products;
			sourceTree = "<group>";
		};
		AFA57D70276539D400FD4CB4 /* AppEmpresas */ = {
			isa = PBXGroup;
			children = (
				AF3F32222768153600FC6A71 /* API */,
				AFA57D862765434A00FD4CB4 /* Utils */,
				AFA57D7F276540E000FD4CB4 /* Scenes */,
				AFA57D71276539D400FD4CB4 /* AppEmpresasApp.swift */,
				AFA57D73276539D400FD4CB4 /* ContentView.swift */,
				AFA57D75276539D500FD4CB4 /* Assets.xcassets */,
				AFA57D77276539D500FD4CB4 /* Preview Content */,
			);
			path = AppEmpresas;
			sourceTree = "<group>";
		};
		AFA57D77276539D500FD4CB4 /* Preview Content */ = {
			isa = PBXGroup;
			children = (
				AFA57D78276539D500FD4CB4 /* Preview Assets.xcassets */,
			);
			path = "Preview Content";
			sourceTree = "<group>";
		};
		AFA57D7F276540E000FD4CB4 /* Scenes */ = {
			isa = PBXGroup;
			children = (
				AFB744EF27679DB500E37741 /* Search */,
				AFB744E62767933D00E37741 /* BusinessInfo */,
				AFA57D80276540EA00FD4CB4 /* Login */,
			);
			path = Scenes;
			sourceTree = "<group>";
		};
		AFA57D80276540EA00FD4CB4 /* Login */ = {
			isa = PBXGroup;
			children = (
				AFA57D832765410500FD4CB4 /* Components */,
				AFA57D82276540FC00FD4CB4 /* ViewModels */,
				AFA57D81276540F500FD4CB4 /* Views */,
			);
			path = Login;
			sourceTree = "<group>";
		};
		AFA57D81276540F500FD4CB4 /* Views */ = {
			isa = PBXGroup;
			children = (
				AFA57D89276546ED00FD4CB4 /* LoginView.swift */,
			);
			path = Views;
			sourceTree = "<group>";
		};
		AFA57D82276540FC00FD4CB4 /* ViewModels */ = {
			isa = PBXGroup;
			children = (
			);
			path = ViewModels;
			sourceTree = "<group>";
		};
		AFA57D832765410500FD4CB4 /* Components */ = {
			isa = PBXGroup;
			children = (
				AFA57D842765411D00FD4CB4 /* FloatingLabelField.swift */,
				AFA57D8B276556DF00FD4CB4 /* LoginButton.swift */,
			);
			path = Components;
			sourceTree = "<group>";
		};
		AFA57D862765434A00FD4CB4 /* Utils */ = {
			isa = PBXGroup;
			children = (
				AFA57D872765435F00FD4CB4 /* Color+AppColors.swift */,
				AFB744ED276794EE00E37741 /* RoundedCornersModifier.swift */,
			);
			path = Utils;
			sourceTree = "<group>";
		};
		AFB744E62767933D00E37741 /* BusinessInfo */ = {
			isa = PBXGroup;
			children = (
				AFB744E72767934B00E37741 /* Components */,
				AFB744E92767935600E37741 /* ViewModels */,
				AFB744E82767935200E37741 /* Views */,
			);
			path = BusinessInfo;
			sourceTree = "<group>";
		};
		AFB744E72767934B00E37741 /* Components */ = {
			isa = PBXGroup;
			children = (
			);
			path = Components;
			sourceTree = "<group>";
		};
		AFB744E82767935200E37741 /* Views */ = {
			isa = PBXGroup;
			children = (
				AFB744EB2767939500E37741 /* BusinessInfoView.swift */,
			);
			path = Views;
			sourceTree = "<group>";
		};
		AFB744E92767935600E37741 /* ViewModels */ = {
			isa = PBXGroup;
			children = (
			);
			path = ViewModels;
			sourceTree = "<group>";
		};
		AFB744EF27679DB500E37741 /* Search */ = {
			isa = PBXGroup;
			children = (
				AFB744F027679DC000E37741 /* Components */,
				AFB744F127679DC800E37741 /* ViewModels */,
				AFB744F227679DCE00E37741 /* Views */,
			);
			path = Search;
			sourceTree = "<group>";
		};
		AFB744F027679DC000E37741 /* Components */ = {
			isa = PBXGroup;
			children = (
				AFB744F527679F6400E37741 /* SearchField.swift */,
			);
			path = Components;
			sourceTree = "<group>";
		};
		AFB744F127679DC800E37741 /* ViewModels */ = {
			isa = PBXGroup;
			children = (
			);
			path = ViewModels;
			sourceTree = "<group>";
		};
		AFB744F227679DCE00E37741 /* Views */ = {
			isa = PBXGroup;
			children = (
				AF3F322027680F6200FC6A71 /* SearchBusinessView.swift */,
			);
			path = Views;
			sourceTree = "<group>";
		};
/* End PBXGroup section */

/* Begin PBXNativeTarget section */
		AFA57D6D276539D300FD4CB4 /* AppEmpresas */ = {
			isa = PBXNativeTarget;
			buildConfigurationList = AFA57D7C276539D500FD4CB4 /* Build configuration list for PBXNativeTarget "AppEmpresas" */;
			buildPhases = (
				AFA57D6A276539D300FD4CB4 /* Sources */,
				AFA57D6B276539D300FD4CB4 /* Frameworks */,
				AFA57D6C276539D300FD4CB4 /* Resources */,
			);
			buildRules = (
			);
			dependencies = (
			);
			name = AppEmpresas;
			productName = AppEmpresas;
			productReference = AFA57D6E276539D400FD4CB4 /* AppEmpresas.app */;
			productType = "com.apple.product-type.application";
		};
/* End PBXNativeTarget section */

/* Begin PBXProject section */
		AFA57D66276539D300FD4CB4 /* Project object */ = {
			isa = PBXProject;
			attributes = {
				BuildIndependentTargetsInParallel = 1;
				LastSwiftUpdateCheck = 1310;
				LastUpgradeCheck = 1310;
				TargetAttributes = {
					AFA57D6D276539D300FD4CB4 = {
						CreatedOnToolsVersion = 13.1;
					};
				};
			};
			buildConfigurationList = AFA57D69276539D300FD4CB4 /* Build configuration list for PBXProject "AppEmpresas" */;
			compatibilityVersion = "Xcode 13.0";
			developmentRegion = en;
			hasScannedForEncodings = 0;
			knownRegions = (
				en,
				Base,
			);
			mainGroup = AFA57D65276539D300FD4CB4;
			productRefGroup = AFA57D6F276539D400FD4CB4 /* Products */;
			projectDirPath = "";
			projectRoot = "";
			targets = (
				AFA57D6D276539D300FD4CB4 /* AppEmpresas */,
			);
		};
/* End PBXProject section */

/* Begin PBXResourcesBuildPhase section */
		AFA57D6C276539D300FD4CB4 /* Resources */ = {
			isa = PBXResourcesBuildPhase;
			buildActionMask = 2147483647;
			files = (
				AFA57D79276539D500FD4CB4 /* Preview Assets.xcassets in Resources */,
				AFA57D76276539D500FD4CB4 /* Assets.xcassets in Resources */,
			);
			runOnlyForDeploymentPostprocessing = 0;
		};
/* End PBXResourcesBuildPhase section */

/* Begin PBXSourcesBuildPhase section */
		AFA57D6A276539D300FD4CB4 /* Sources */ = {
			isa = PBXSourcesBuildPhase;
			buildActionMask = 2147483647;
			files = (
				AFA57D74276539D400FD4CB4 /* ContentView.swift in Sources */,
				AF3F3234276821B000FC6A71 /* Investor.swift in Sources */,
				AF3F3236276821B800FC6A71 /* Portifolio.swift in Sources */,
				AF3F323D276822B700FC6A71 /* ListEnterprises.swift in Sources */,
				AF3F32392768223F00FC6A71 /* Authenticate.swift in Sources */,
				AFA57D8C276556DF00FD4CB4 /* LoginButton.swift in Sources */,
				AFB744EC2767939500E37741 /* BusinessInfoView.swift in Sources */,
				AFA57D882765435F00FD4CB4 /* Color+AppColors.swift in Sources */,
				AF3F323027681FD000FC6A71 /* User.swift in Sources */,
				AFB744EE276794EE00E37741 /* RoundedCornersModifier.swift in Sources */,
				AF3F32272768158300FC6A71 /* NetworkRequestError.swift in Sources */,
				AF3F3232276820E800FC6A71 /* Enterprise.swift in Sources */,
				AFB744F627679F6400E37741 /* SearchField.swift in Sources */,
				AFA57D852765411D00FD4CB4 /* FloatingLabelField.swift in Sources */,
				AF3F322D27681D0000FC6A71 /* APIClient.swift in Sources */,
				AFA57D8A276546ED00FD4CB4 /* LoginView.swift in Sources */,
				AF3F322127680F6200FC6A71 /* SearchBusinessView.swift in Sources */,
				AF3F32252768155300FC6A71 /* Endpoint.swift in Sources */,
				AF3F322B276815D100FC6A71 /* Request.swift in Sources */,
				AF3F323F2768242D00FC6A71 /* FindEnterprise.swift in Sources */,
				AFA57D72276539D400FD4CB4 /* AppEmpresasApp.swift in Sources */,
				AF3F32292768159C00FC6A71 /* Networker.swift in Sources */,
			);
			runOnlyForDeploymentPostprocessing = 0;
		};
/* End PBXSourcesBuildPhase section */

/* Begin XCBuildConfiguration section */
		AFA57D7A276539D500FD4CB4 /* Debug */ = {
			isa = XCBuildConfiguration;
			buildSettings = {
				ALWAYS_SEARCH_USER_PATHS = NO;
				CLANG_ANALYZER_NONNULL = YES;
				CLANG_ANALYZER_NUMBER_OBJECT_CONVERSION = YES_AGGRESSIVE;
				CLANG_CXX_LANGUAGE_STANDARD = "gnu++17";
				CLANG_CXX_LIBRARY = "libc++";
				CLANG_ENABLE_MODULES = YES;
				CLANG_ENABLE_OBJC_ARC = YES;
				CLANG_ENABLE_OBJC_WEAK = YES;
				CLANG_WARN_BLOCK_CAPTURE_AUTORELEASING = YES;
				CLANG_WARN_BOOL_CONVERSION = YES;
				CLANG_WARN_COMMA = YES;
				CLANG_WARN_CONSTANT_CONVERSION = YES;
				CLANG_WARN_DEPRECATED_OBJC_IMPLEMENTATIONS = YES;
				CLANG_WARN_DIRECT_OBJC_ISA_USAGE = YES_ERROR;
				CLANG_WARN_DOCUMENTATION_COMMENTS = YES;
				CLANG_WARN_EMPTY_BODY = YES;
				CLANG_WARN_ENUM_CONVERSION = YES;
				CLANG_WARN_INFINITE_RECURSION = YES;
				CLANG_WARN_INT_CONVERSION = YES;
				CLANG_WARN_NON_LITERAL_NULL_CONVERSION = YES;
				CLANG_WARN_OBJC_IMPLICIT_RETAIN_SELF = YES;
				CLANG_WARN_OBJC_LITERAL_CONVERSION = YES;
				CLANG_WARN_OBJC_ROOT_CLASS = YES_ERROR;
				CLANG_WARN_QUOTED_INCLUDE_IN_FRAMEWORK_HEADER = YES;
				CLANG_WARN_RANGE_LOOP_ANALYSIS = YES;
				CLANG_WARN_STRICT_PROTOTYPES = YES;
				CLANG_WARN_SUSPICIOUS_MOVE = YES;
				CLANG_WARN_UNGUARDED_AVAILABILITY = YES_AGGRESSIVE;
				CLANG_WARN_UNREACHABLE_CODE = YES;
				CLANG_WARN__DUPLICATE_METHOD_MATCH = YES;
				COPY_PHASE_STRIP = NO;
				DEBUG_INFORMATION_FORMAT = dwarf;
				ENABLE_STRICT_OBJC_MSGSEND = YES;
				ENABLE_TESTABILITY = YES;
				GCC_C_LANGUAGE_STANDARD = gnu11;
				GCC_DYNAMIC_NO_PIC = NO;
				GCC_NO_COMMON_BLOCKS = YES;
				GCC_OPTIMIZATION_LEVEL = 0;
				GCC_PREPROCESSOR_DEFINITIONS = (
					"DEBUG=1",
					"$(inherited)",
				);
				GCC_WARN_64_TO_32_BIT_CONVERSION = YES;
				GCC_WARN_ABOUT_RETURN_TYPE = YES_ERROR;
				GCC_WARN_UNDECLARED_SELECTOR = YES;
				GCC_WARN_UNINITIALIZED_AUTOS = YES_AGGRESSIVE;
				GCC_WARN_UNUSED_FUNCTION = YES;
				GCC_WARN_UNUSED_VARIABLE = YES;
				IPHONEOS_DEPLOYMENT_TARGET = 15.0;
				MTL_ENABLE_DEBUG_INFO = INCLUDE_SOURCE;
				MTL_FAST_MATH = YES;
				ONLY_ACTIVE_ARCH = YES;
				SDKROOT = iphoneos;
				SWIFT_ACTIVE_COMPILATION_CONDITIONS = DEBUG;
				SWIFT_OPTIMIZATION_LEVEL = "-Onone";
			};
			name = Debug;
		};
		AFA57D7B276539D500FD4CB4 /* Release */ = {
			isa = XCBuildConfiguration;
			buildSettings = {
				ALWAYS_SEARCH_USER_PATHS = NO;
				CLANG_ANALYZER_NONNULL = YES;
				CLANG_ANALYZER_NUMBER_OBJECT_CONVERSION = YES_AGGRESSIVE;
				CLANG_CXX_LANGUAGE_STANDARD = "gnu++17";
				CLANG_CXX_LIBRARY = "libc++";
				CLANG_ENABLE_MODULES = YES;
				CLANG_ENABLE_OBJC_ARC = YES;
				CLANG_ENABLE_OBJC_WEAK = YES;
				CLANG_WARN_BLOCK_CAPTURE_AUTORELEASING = YES;
				CLANG_WARN_BOOL_CONVERSION = YES;
				CLANG_WARN_COMMA = YES;
				CLANG_WARN_CONSTANT_CONVERSION = YES;
				CLANG_WARN_DEPRECATED_OBJC_IMPLEMENTATIONS = YES;
				CLANG_WARN_DIRECT_OBJC_ISA_USAGE = YES_ERROR;
				CLANG_WARN_DOCUMENTATION_COMMENTS = YES;
				CLANG_WARN_EMPTY_BODY = YES;
				CLANG_WARN_ENUM_CONVERSION = YES;
				CLANG_WARN_INFINITE_RECURSION = YES;
				CLANG_WARN_INT_CONVERSION = YES;
				CLANG_WARN_NON_LITERAL_NULL_CONVERSION = YES;
				CLANG_WARN_OBJC_IMPLICIT_RETAIN_SELF = YES;
				CLANG_WARN_OBJC_LITERAL_CONVERSION = YES;
				CLANG_WARN_OBJC_ROOT_CLASS = YES_ERROR;
				CLANG_WARN_QUOTED_INCLUDE_IN_FRAMEWORK_HEADER = YES;
				CLANG_WARN_RANGE_LOOP_ANALYSIS = YES;
				CLANG_WARN_STRICT_PROTOTYPES = YES;
				CLANG_WARN_SUSPICIOUS_MOVE = YES;
				CLANG_WARN_UNGUARDED_AVAILABILITY = YES_AGGRESSIVE;
				CLANG_WARN_UNREACHABLE_CODE = YES;
				CLANG_WARN__DUPLICATE_METHOD_MATCH = YES;
				COPY_PHASE_STRIP = NO;
				DEBUG_INFORMATION_FORMAT = "dwarf-with-dsym";
				ENABLE_NS_ASSERTIONS = NO;
				ENABLE_STRICT_OBJC_MSGSEND = YES;
				GCC_C_LANGUAGE_STANDARD = gnu11;
				GCC_NO_COMMON_BLOCKS = YES;
				GCC_WARN_64_TO_32_BIT_CONVERSION = YES;
				GCC_WARN_ABOUT_RETURN_TYPE = YES_ERROR;
				GCC_WARN_UNDECLARED_SELECTOR = YES;
				GCC_WARN_UNINITIALIZED_AUTOS = YES_AGGRESSIVE;
				GCC_WARN_UNUSED_FUNCTION = YES;
				GCC_WARN_UNUSED_VARIABLE = YES;
				IPHONEOS_DEPLOYMENT_TARGET = 15.0;
				MTL_ENABLE_DEBUG_INFO = NO;
				MTL_FAST_MATH = YES;
				SDKROOT = iphoneos;
				SWIFT_COMPILATION_MODE = wholemodule;
				SWIFT_OPTIMIZATION_LEVEL = "-O";
				VALIDATE_PRODUCT = YES;
			};
			name = Release;
		};
		AFA57D7D276539D500FD4CB4 /* Debug */ = {
			isa = XCBuildConfiguration;
			buildSettings = {
				ASSETCATALOG_COMPILER_APPICON_NAME = AppIcon;
				ASSETCATALOG_COMPILER_GLOBAL_ACCENT_COLOR_NAME = AccentColor;
				CODE_SIGN_STYLE = Automatic;
				CURRENT_PROJECT_VERSION = 1;
				DEVELOPMENT_ASSET_PATHS = "\"AppEmpresas/Preview Content\"";
				DEVELOPMENT_TEAM = 3GTJZ8KSTX;
				ENABLE_PREVIEWS = YES;
				GENERATE_INFOPLIST_FILE = YES;
				INFOPLIST_KEY_UIApplicationSceneManifest_Generation = YES;
				INFOPLIST_KEY_UIApplicationSupportsIndirectInputEvents = YES;
				INFOPLIST_KEY_UILaunchScreen_Generation = YES;
				INFOPLIST_KEY_UISupportedInterfaceOrientations_iPad = "UIInterfaceOrientationPortrait UIInterfaceOrientationPortraitUpsideDown UIInterfaceOrientationLandscapeLeft UIInterfaceOrientationLandscapeRight";
				INFOPLIST_KEY_UISupportedInterfaceOrientations_iPhone = "UIInterfaceOrientationPortrait UIInterfaceOrientationLandscapeLeft UIInterfaceOrientationLandscapeRight";
				LD_RUNPATH_SEARCH_PATHS = (
					"$(inherited)",
					"@executable_path/Frameworks",
				);
				MARKETING_VERSION = 1.0;
				PRODUCT_BUNDLE_IDENTIFIER = br.dev.thihxm.AppEmpresas;
				PRODUCT_NAME = "$(TARGET_NAME)";
				SWIFT_EMIT_LOC_STRINGS = YES;
				SWIFT_VERSION = 5.0;
				TARGETED_DEVICE_FAMILY = "1,2";
			};
			name = Debug;
		};
		AFA57D7E276539D500FD4CB4 /* Release */ = {
			isa = XCBuildConfiguration;
			buildSettings = {
				ASSETCATALOG_COMPILER_APPICON_NAME = AppIcon;
				ASSETCATALOG_COMPILER_GLOBAL_ACCENT_COLOR_NAME = AccentColor;
				CODE_SIGN_STYLE = Automatic;
				CURRENT_PROJECT_VERSION = 1;
				DEVELOPMENT_ASSET_PATHS = "\"AppEmpresas/Preview Content\"";
				DEVELOPMENT_TEAM = 3GTJZ8KSTX;
				ENABLE_PREVIEWS = YES;
				GENERATE_INFOPLIST_FILE = YES;
				INFOPLIST_KEY_UIApplicationSceneManifest_Generation = YES;
				INFOPLIST_KEY_UIApplicationSupportsIndirectInputEvents = YES;
				INFOPLIST_KEY_UILaunchScreen_Generation = YES;
				INFOPLIST_KEY_UISupportedInterfaceOrientations_iPad = "UIInterfaceOrientationPortrait UIInterfaceOrientationPortraitUpsideDown UIInterfaceOrientationLandscapeLeft UIInterfaceOrientationLandscapeRight";
				INFOPLIST_KEY_UISupportedInterfaceOrientations_iPhone = "UIInterfaceOrientationPortrait UIInterfaceOrientationLandscapeLeft UIInterfaceOrientationLandscapeRight";
				LD_RUNPATH_SEARCH_PATHS = (
					"$(inherited)",
					"@executable_path/Frameworks",
				);
				MARKETING_VERSION = 1.0;
				PRODUCT_BUNDLE_IDENTIFIER = br.dev.thihxm.AppEmpresas;
				PRODUCT_NAME = "$(TARGET_NAME)";
				SWIFT_EMIT_LOC_STRINGS = YES;
				SWIFT_VERSION = 5.0;
				TARGETED_DEVICE_FAMILY = "1,2";
			};
			name = Release;
		};
/* End XCBuildConfiguration section */

/* Begin XCConfigurationList section */
		AFA57D69276539D300FD4CB4 /* Build configuration list for PBXProject "AppEmpresas" */ = {
			isa = XCConfigurationList;
			buildConfigurations = (
				AFA57D7A276539D500FD4CB4 /* Debug */,
				AFA57D7B276539D500FD4CB4 /* Release */,
			);
			defaultConfigurationIsVisible = 0;
			defaultConfigurationName = Release;
		};
		AFA57D7C276539D500FD4CB4 /* Build configuration list for PBXNativeTarget "AppEmpresas" */ = {
			isa = XCConfigurationList;
			buildConfigurations = (
				AFA57D7D276539D500FD4CB4 /* Debug */,
				AFA57D7E276539D500FD4CB4 /* Release */,
			);
			defaultConfigurationIsVisible = 0;
			defaultConfigurationName = Release;
		};
/* End XCConfigurationList section */
	};
	rootObject = AFA57D66276539D300FD4CB4 /* Project object */;
}
